<?xml version="1.0" encoding="utf-8"?>
<Project ToolsVersion="4.0" xmlns="http://schemas.microsoft.com/developer/msbuild/2003">
  <ItemGroup>
    <Filter Include="Source">
      <UniqueIdentifier>{4FC737F1-C7A5-4376-A066-2A32D752A2FF}</UniqueIdentifier>
      <Extensions>cpp;c;cc;cxx;def;odl;idl;hpj;bat;asm;asmx</Extensions>
    </Filter>
    <Filter Include="Header">
      <UniqueIdentifier>{93995380-89BD-4b04-88EB-625FBE52EBFB}</UniqueIdentifier>
      <Extensions>h;hh;hpp;hxx;hm;inl;inc;ipp;xsd</Extensions>
    </Filter>
    <Filter Include="Resource">
      <UniqueIdentifier>{67DA6AB6-F800-4c08-8B7A-83BB121AAD01}</UniqueIdentifier>
      <Extensions>rc;ico;cur;bmp;dlg;rc2;rct;bin;rgs;gif;jpg;jpeg;jpe;resx;tiff;tif;png;wav;mfcribbon-ms</Extensions>
    </Filter>
  </ItemGroup>
  <ItemGroup>
    <ClInclude Include="cMd3dManager.h">
      <Filter>Header</Filter>
    </ClInclude>
    <ClInclude Include="ErrorCodes.h">
      <Filter>Header</Filter>
    </ClInclude>
    <ClInclude Include="cMSystemManager.h">
      <Filter>Header</Filter>
    </ClInclude>
    <ClInclude Include="cMd3dSprite.h">
      <Filter>Header</Filter>
    </ClInclude>
    <ClInclude Include="cMd3dDeviceControl.h">
      <Filter>Header</Filter>
    </ClInclude>
    <ClInclude Include="Mmath.h">
      <Filter>Header</Filter>
    </ClInclude>
    <ClInclude Include="Mdefines.h">
      <Filter>Header</Filter>
    </ClInclude>
    <ClInclude Include="MEngine.h">
      <Filter>Header</Filter>
    </ClInclude>
    <ClInclude Include="cMd3dParameters.h">
      <Filter>Header</Filter>
    </ClInclude>
    <ClInclude Include="cMmathRect.h">
      <Filter>Header</Filter>
    </ClInclude>
    <ClInclude Include="cMmathVector3.h">
      <Filter>Header</Filter>
    </ClInclude>
    <ClInclude Include="cMioXmlSerializer.h">
      <Filter>Header</Filter>
    </ClInclude>
  </ItemGroup>
  <ItemGroup>
    <ClCompile Include="main.cpp">
      <Filter>Source</Filter>
    </ClCompile>
    <ClCompile Include="cMd3dManager.cpp">
      <Filter>Source</Filter>
    </ClCompile>
    <ClCompile Include="cMSystemManager.cpp">
      <Filter>Source</Filter>
    </ClCompile>
    <ClCompile Include="cMd3dSprite.cpp">
      <Filter>Source</Filter>
    </ClCompile>
    <ClCompile Include="cMd3dDeviceControl.cpp">
      <Filter>Source</Filter>
    </ClCompile>
    <ClCompile Include="cMVector3.cpp">
      <Filter>Source</Filter>
    </ClCompile>
    <ClCompile Include="cMRect.cpp">
      <Filter>Source</Filter>
    </ClCompile>
    <ClCompile Include="cMd3dParameters.cpp">
      <Filter>Source</Filter>
    </ClCompile>
    <ClCompile Include="cMioXmlSerializer.cpp">
      <Filter>Source</Filter>
    </ClCompile>
  </ItemGroup>
</Project>