<?xml version="1.0" encoding="utf-8"?>
<Project ToolsVersion="4.0" xmlns="http://schemas.microsoft.com/developer/msbuild/2003">
  <ItemGroup>
    <Filter Include="Source">
      <UniqueIdentifier>{4FC737F1-C7A5-4376-A066-2A32D752A2FF}</UniqueIdentifier>
      <Extensions>cpp;c;cc;cxx;def;odl;idl;hpj;bat;asm;asmx</Extensions>
    </Filter>
    <Filter Include="Header">
      <UniqueIdentifier>{93995380-89BD-4b04-88EB-625FBE52EBFB}</UniqueIdentifier>
      <Extensions>h;hh;hpp;hxx;hm;inl;inc;ipp;xsd</Extensions>
    </Filter>
    <Filter Include="Resource">
      <UniqueIdentifier>{67DA6AB6-F800-4c08-8B7A-83BB121AAD01}</UniqueIdentifier>
      <Extensions>rc;ico;cur;bmp;dlg;rc2;rct;bin;rgs;gif;jpg;jpeg;jpe;resx;tiff;tif;png;wav;mfcribbon-ms</Extensions>
    </Filter>
    <Filter Include="Header\Mio">
      <UniqueIdentifier>{b80136c2-9d12-4633-8c07-68f599574e9c}</UniqueIdentifier>
    </Filter>
    <Filter Include="Header\Md3d">
      <UniqueIdentifier>{38502106-92c0-4079-8998-953808e7d299}</UniqueIdentifier>
    </Filter>
    <Filter Include="Header\Mmath">
      <UniqueIdentifier>{711c8b68-39c6-4ada-8a8c-9062ca7051f7}</UniqueIdentifier>
    </Filter>
    <Filter Include="Source\Mio">
      <UniqueIdentifier>{61c3ffa0-ef79-4e1f-a96a-ae33f9fb2166}</UniqueIdentifier>
    </Filter>
    <Filter Include="Source\Md3d">
      <UniqueIdentifier>{c50edcb0-eac5-481b-a27a-029665638c7a}</UniqueIdentifier>
    </Filter>
    <Filter Include="Source\Mmath">
      <UniqueIdentifier>{088aa7b2-8be7-457e-877f-9cf8e25db2a8}</UniqueIdentifier>
    </Filter>
    <Filter Include="Header\Msys">
      <UniqueIdentifier>{b9ea351a-24cb-4200-8a9e-a29e2a3ae6fd}</UniqueIdentifier>
    </Filter>
    <Filter Include="Source\Msys">
      <UniqueIdentifier>{90956bb9-6d53-43b0-8da0-59fb40153542}</UniqueIdentifier>
    </Filter>
    <Filter Include="Header\Msys\Thread">
      <UniqueIdentifier>{88fa33c0-3a4d-422c-8cbf-9e6060df13e5}</UniqueIdentifier>
    </Filter>
    <Filter Include="Header\Mutil">
      <UniqueIdentifier>{ced011ce-1a3d-4ff1-b38a-a350db2690d9}</UniqueIdentifier>
    </Filter>
    <Filter Include="Source\Mutil">
      <UniqueIdentifier>{ab2fb337-ca0a-4b6c-b4fe-ebfbc0642bb9}</UniqueIdentifier>
    </Filter>
  </ItemGroup>
  <ItemGroup>
    <ClInclude Include="Engine\Mdefines.h">
      <Filter>Header</Filter>
    </ClInclude>
    <ClInclude Include="Engine\MEngine.h">
      <Filter>Header</Filter>
    </ClInclude>
    <ClInclude Include="Engine\MErrorCodes.h">
      <Filter>Header</Filter>
    </ClInclude>
    <ClInclude Include="Engine\dx\cMd3dDatas.h">
      <Filter>Header\Md3d</Filter>
    </ClInclude>
    <ClInclude Include="Engine\dx\cMd3dDeviceControl.h">
      <Filter>Header\Md3d</Filter>
    </ClInclude>
    <ClInclude Include="Engine\dx\cMd3dManager.h">
      <Filter>Header\Md3d</Filter>
    </ClInclude>
    <ClInclude Include="Engine\dx\cMd3dParameters.h">
      <Filter>Header\Md3d</Filter>
    </ClInclude>
    <ClInclude Include="Engine\sys\thd\cMsysThread.h">
      <Filter>Header\Msys\Thread</Filter>
    </ClInclude>
    <ClInclude Include="Engine\sys\cMsysManager.h">
      <Filter>Header\Msys</Filter>
    </ClInclude>
    <ClInclude Include="Engine\sys\thd\cMsysThreadManager.h">
      <Filter>Header\Msys</Filter>
    </ClInclude>
    <ClInclude Include="Engine\sys\wnd\cMsysWindowManager.h">
      <Filter>Header\Msys</Filter>
    </ClInclude>
    <ClInclude Include="Engine\io\xml\cMioXmlSerializer.h">
      <Filter>Header\Mio</Filter>
    </ClInclude>
    <ClInclude Include="Engine\io\archive\cMioArchiveFile.h">
      <Filter>Header\Mio</Filter>
    </ClInclude>
    <ClInclude Include="Engine\seq\cMseqBase.h">
      <Filter>Header</Filter>
    </ClInclude>
    <ClInclude Include="Engine\util\timer\cMutilTimer.h">
      <Filter>Header\Mutil</Filter>
    </ClInclude>
    <ClInclude Include="Engine\util\timer\cMutilTimerManager.h">
      <Filter>Header\Mutil</Filter>
    </ClInclude>
    <ClInclude Include="Engine\io\Mio.h">
      <Filter>Header\Mio</Filter>
    </ClInclude>
    <ClInclude Include="Engine\util\math\cMmathRect.h">
      <Filter>Header\Mmath</Filter>
    </ClInclude>
    <ClInclude Include="Engine\util\math\cMmathVector3.h">
      <Filter>Header\Mmath</Filter>
    </ClInclude>
    <ClInclude Include="Engine\util\math\Mmath.h">
      <Filter>Header\Mmath</Filter>
    </ClInclude>
    <ClInclude Include="Engine\ResourceList.h">
      <Filter>Header</Filter>
    </ClInclude>
    <ClInclude Include="Engine\physics\Collision\MCollisionChecker.h">
      <Filter>Header</Filter>
    </ClInclude>
    <ClInclude Include="Engine\ExternalResource\sprite\cMd3dSprite.h">
      <Filter>Header\Md3d</Filter>
    </ClInclude>
    <ClInclude Include="Engine\sys\thd\cMsysMutexQueue.h">
      <Filter>Header</Filter>
    </ClInclude>
    <ClInclude Include="Engine\Mtypes.h">
      <Filter>Header</Filter>
    </ClInclude>
    <ClInclude Include="Engine\physics\Object\MObject.h">
      <Filter>Header</Filter>
    </ClInclude>
    <ClInclude Include="Engine\physics\Object\MObjectManager.h">
      <Filter>Header</Filter>
    </ClInclude>
    <ClInclude Include="Engine\physics\MphysicsManager.h">
      <Filter>Header</Filter>
    </ClInclude>
  </ItemGroup>
  <ItemGroup>
    <ClCompile Include="main.cpp">
      <Filter>Source</Filter>
    </ClCompile>
    <ClCompile Include="Engine\dx\cMd3dDatas.cpp">
      <Filter>Source\Md3d</Filter>
    </ClCompile>
    <ClCompile Include="Engine\dx\cMd3dDeviceControl.cpp">
      <Filter>Source\Md3d</Filter>
    </ClCompile>
    <ClCompile Include="Engine\dx\cMd3dManager.cpp">
      <Filter>Source\Md3d</Filter>
    </ClCompile>
    <ClCompile Include="Engine\dx\cMd3dParameters.cpp">
      <Filter>Source\Md3d</Filter>
    </ClCompile>
    <ClCompile Include="Engine\sys\thd\cMsysThread.cpp">
      <Filter>Source\Msys</Filter>
    </ClCompile>
    <ClCompile Include="Engine\sys\cMsysManager.cpp">
      <Filter>Source\Msys</Filter>
    </ClCompile>
    <ClCompile Include="Engine\sys\thd\cMsysThreadManager.cpp">
      <Filter>Source\Msys</Filter>
    </ClCompile>
    <ClCompile Include="Engine\sys\wnd\cMsysWindowManager.cpp">
      <Filter>Source\Msys</Filter>
    </ClCompile>
    <ClCompile Include="Engine\io\xml\cMioXmlSerializer.cpp">
      <Filter>Source\Mio</Filter>
    </ClCompile>
    <ClCompile Include="Engine\io\archive\cMioArchiveFile.cpp">
      <Filter>Source</Filter>
    </ClCompile>
    <ClCompile Include="Engine\seq\cMseqBase.cpp">
      <Filter>Source</Filter>
    </ClCompile>
    <ClCompile Include="Engine\util\timer\cMutilTimer.cpp">
      <Filter>Source\Mutil</Filter>
    </ClCompile>
    <ClCompile Include="Engine\util\timer\cMutilTimerManager.cpp">
      <Filter>Source\Mutil</Filter>
    </ClCompile>
    <ClCompile Include="Engine\util\math\cMRect.cpp">
      <Filter>Source\Mmath</Filter>
    </ClCompile>
    <ClCompile Include="Engine\util\math\cMVector3.cpp">
      <Filter>Source\Mmath</Filter>
    </ClCompile>
    <ClCompile Include="Engine\physics\Collision\MCollisionChecker.cpp">
      <Filter>Source</Filter>
    </ClCompile>
    <ClCompile Include="Engine\physics\Collision\MCollisionCheckerAABB.cpp">
      <Filter>Source</Filter>
    </ClCompile>
    <ClCompile Include="Engine\physics\Collision\MCollisionCheckerCircle.cpp">
      <Filter>Source</Filter>
    </ClCompile>
    <ClCompile Include="Engine\ExternalResource\sprite\cMd3dSprite.cpp">
      <Filter>Source\Md3d</Filter>
    </ClCompile>
    <ClCompile Include="Engine\sys\thd\cMsysMutexQueue.cpp">
      <Filter>Source</Filter>
    </ClCompile>
    <ClCompile Include="Engine\physics\Object\MObject.cpp">
      <Filter>Source</Filter>
    </ClCompile>
    <ClCompile Include="Engine\physics\Object\MObjectManager.cpp">
      <Filter>Source</Filter>
    </ClCompile>
    <ClCompile Include="Engine\physics\MphysicsManager.cpp">
      <Filter>Source</Filter>
    </ClCompile>
  </ItemGroup>
  <ItemGroup>
    <None Include="Engine\cpp.hint" />
  </ItemGroup>
</Project>